// !$*UTF8*$!
{
	archiveVersion = 1;
	classes = {
	};
	objectVersion = 56;
	objects = {

/* Begin PBXBuildFile section */
		8A0873892CAC116B00DC5BD2 /* Localizable.strings in Resources */ = {isa = PBXBuildFile; fileRef = 8A0873872CAC116B00DC5BD2 /* Localizable.strings */; };
		8A0873902CAC193200DC5BD2 /* StringResources.swift in Sources */ = {isa = PBXBuildFile; fileRef = 8A08738F2CAC193200DC5BD2 /* StringResources.swift */; };
		8AD94CC72C9825E2001910D7 /* AppDelegate.swift in Sources */ = {isa = PBXBuildFile; fileRef = 8AD94CC62C9825E2001910D7 /* AppDelegate.swift */; };
		8AD94CCB2C9825E2001910D7 /* NotesViewController.swift in Sources */ = {isa = PBXBuildFile; fileRef = 8AD94CCA2C9825E2001910D7 /* NotesViewController.swift */; };
		8AD94CD02C9825E5001910D7 /* Assets.xcassets in Resources */ = {isa = PBXBuildFile; fileRef = 8AD94CCF2C9825E5001910D7 /* Assets.xcassets */; };
		8AD94CD32C9825E5001910D7 /* Base in Resources */ = {isa = PBXBuildFile; fileRef = 8AD94CD22C9825E5001910D7 /* Base */; };
		8AD94CDC2C9827EA001910D7 /* SnapKit in Frameworks */ = {isa = PBXBuildFile; productRef = 8AD94CDB2C9827EA001910D7 /* SnapKit */; };
		8AD94CEA2C9B2C29001910D7 /* NotesViewModel.swift in Sources */ = {isa = PBXBuildFile; fileRef = 8AD94CE92C9B2C29001910D7 /* NotesViewModel.swift */; };
		8AD94CED2C9B337A001910D7 /* AddNoteButton.swift in Sources */ = {isa = PBXBuildFile; fileRef = 8AD94CEC2C9B337A001910D7 /* AddNoteButton.swift */; };
		8AD94CF02C9BEF63001910D7 /* UIButton.swift in Sources */ = {isa = PBXBuildFile; fileRef = 8AD94CEF2C9BEF63001910D7 /* UIButton.swift */; };
		8AD94CF22C9BF217001910D7 /* ColorResources.swift in Sources */ = {isa = PBXBuildFile; fileRef = 8AD94CF12C9BF217001910D7 /* ColorResources.swift */; };
		8AD94CF42C9BF266001910D7 /* UIColor.swift in Sources */ = {isa = PBXBuildFile; fileRef = 8AD94CF32C9BF266001910D7 /* UIColor.swift */; };
		8AD94CF62C9D6D8E001910D7 /* BottomSideButton.swift in Sources */ = {isa = PBXBuildFile; fileRef = 8AD94CF52C9D6D8E001910D7 /* BottomSideButton.swift */; };
		8AD94CF82C9DED5C001910D7 /* UIViewController.swift in Sources */ = {isa = PBXBuildFile; fileRef = 8AD94CF72C9DED5C001910D7 /* UIViewController.swift */; };
		8AD94CFA2C9E03A3001910D7 /* NoteCell.swift in Sources */ = {isa = PBXBuildFile; fileRef = 8AD94CF92C9E03A3001910D7 /* NoteCell.swift */; };
		8AD94CFC2C9F0829001910D7 /* AddNoteViewController.swift in Sources */ = {isa = PBXBuildFile; fileRef = 8AD94CFB2C9F0829001910D7 /* AddNoteViewController.swift */; };
		8AD94D002C9FF917001910D7 /* NoteDetailViewController.swift in Sources */ = {isa = PBXBuildFile; fileRef = 8AD94CFF2C9FF917001910D7 /* NoteDetailViewController.swift */; };
		8AD94D182CA028F3001910D7 /* Note.xcdatamodeld in Sources */ = {isa = PBXBuildFile; fileRef = 8AD94D162CA028F3001910D7 /* Note.xcdatamodeld */; };
		8AD94D1B2CA0292A001910D7 /* Note+CoreDataClass.swift in Sources */ = {isa = PBXBuildFile; fileRef = 8AD94D192CA0292A001910D7 /* Note+CoreDataClass.swift */; };
		8AD94D1C2CA0292A001910D7 /* Note+CoreDataProperties.swift in Sources */ = {isa = PBXBuildFile; fileRef = 8AD94D1A2CA0292A001910D7 /* Note+CoreDataProperties.swift */; };
/* End PBXBuildFile section */

/* Begin PBXFileReference section */
		8A0873882CAC116B00DC5BD2 /* en */ = {isa = PBXFileReference; lastKnownFileType = text.plist.strings; name = en; path = en.lproj/Localizable.strings; sourceTree = "<group>"; };
		8A08738A2CAC122C00DC5BD2 /* ru */ = {isa = PBXFileReference; lastKnownFileType = text.plist.strings; name = ru; path = ru.lproj/LaunchScreen.strings; sourceTree = "<group>"; };
		8A08738B2CAC122C00DC5BD2 /* ru */ = {isa = PBXFileReference; lastKnownFileType = text.plist.strings; name = ru; path = ru.lproj/Localizable.strings; sourceTree = "<group>"; };
		8A08738F2CAC193200DC5BD2 /* StringResources.swift */ = {isa = PBXFileReference; lastKnownFileType = sourcecode.swift; path = StringResources.swift; sourceTree = "<group>"; };
		8AD94CC32C9825E2001910D7 /* Notes(pet).app */ = {isa = PBXFileReference; explicitFileType = wrapper.application; includeInIndex = 0; path = "Notes(pet).app"; sourceTree = BUILT_PRODUCTS_DIR; };
		8AD94CC62C9825E2001910D7 /* AppDelegate.swift */ = {isa = PBXFileReference; lastKnownFileType = sourcecode.swift; path = AppDelegate.swift; sourceTree = "<group>"; };
		8AD94CCA2C9825E2001910D7 /* NotesViewController.swift */ = {isa = PBXFileReference; lastKnownFileType = sourcecode.swift; path = NotesViewController.swift; sourceTree = "<group>"; };
		8AD94CCF2C9825E5001910D7 /* Assets.xcassets */ = {isa = PBXFileReference; lastKnownFileType = folder.assetcatalog; path = Assets.xcassets; sourceTree = "<group>"; };
		8AD94CD22C9825E5001910D7 /* Base */ = {isa = PBXFileReference; lastKnownFileType = file.storyboard; name = Base; path = Base.lproj/LaunchScreen.storyboard; sourceTree = "<group>"; };
		8AD94CD42C9825E5001910D7 /* Info.plist */ = {isa = PBXFileReference; lastKnownFileType = text.plist.xml; path = Info.plist; sourceTree = "<group>"; };
		8AD94CE92C9B2C29001910D7 /* NotesViewModel.swift */ = {isa = PBXFileReference; lastKnownFileType = sourcecode.swift; path = NotesViewModel.swift; sourceTree = "<group>"; };
		8AD94CEC2C9B337A001910D7 /* AddNoteButton.swift */ = {isa = PBXFileReference; lastKnownFileType = sourcecode.swift; path = AddNoteButton.swift; sourceTree = "<group>"; };
		8AD94CEF2C9BEF63001910D7 /* UIButton.swift */ = {isa = PBXFileReference; lastKnownFileType = sourcecode.swift; path = UIButton.swift; sourceTree = "<group>"; };
		8AD94CF12C9BF217001910D7 /* ColorResources.swift */ = {isa = PBXFileReference; lastKnownFileType = sourcecode.swift; path = ColorResources.swift; sourceTree = "<group>"; };
		8AD94CF32C9BF266001910D7 /* UIColor.swift */ = {isa = PBXFileReference; lastKnownFileType = sourcecode.swift; path = UIColor.swift; sourceTree = "<group>"; };
		8AD94CF52C9D6D8E001910D7 /* BottomSideButton.swift */ = {isa = PBXFileReference; lastKnownFileType = sourcecode.swift; path = BottomSideButton.swift; sourceTree = "<group>"; };
		8AD94CF72C9DED5C001910D7 /* UIViewController.swift */ = {isa = PBXFileReference; lastKnownFileType = sourcecode.swift; path = UIViewController.swift; sourceTree = "<group>"; };
		8AD94CF92C9E03A3001910D7 /* NoteCell.swift */ = {isa = PBXFileReference; lastKnownFileType = sourcecode.swift; path = NoteCell.swift; sourceTree = "<group>"; };
		8AD94CFB2C9F0829001910D7 /* AddNoteViewController.swift */ = {isa = PBXFileReference; lastKnownFileType = sourcecode.swift; path = AddNoteViewController.swift; sourceTree = "<group>"; };
		8AD94CFF2C9FF917001910D7 /* NoteDetailViewController.swift */ = {isa = PBXFileReference; lastKnownFileType = sourcecode.swift; path = NoteDetailViewController.swift; sourceTree = "<group>"; };
		8AD94D172CA028F3001910D7 /* Note.xcdatamodel */ = {isa = PBXFileReference; lastKnownFileType = wrapper.xcdatamodel; path = Note.xcdatamodel; sourceTree = "<group>"; };
		8AD94D192CA0292A001910D7 /* Note+CoreDataClass.swift */ = {isa = PBXFileReference; lastKnownFileType = sourcecode.swift; path = "Note+CoreDataClass.swift"; sourceTree = "<group>"; };
		8AD94D1A2CA0292A001910D7 /* Note+CoreDataProperties.swift */ = {isa = PBXFileReference; lastKnownFileType = sourcecode.swift; path = "Note+CoreDataProperties.swift"; sourceTree = "<group>"; };
/* End PBXFileReference section */

/* Begin PBXFrameworksBuildPhase section */
		8AD94CC02C9825E2001910D7 /* Frameworks */ = {
			isa = PBXFrameworksBuildPhase;
			buildActionMask = 2147483647;
			files = (
				8AD94CDC2C9827EA001910D7 /* SnapKit in Frameworks */,
			);
			runOnlyForDeploymentPostprocessing = 0;
		};
/* End PBXFrameworksBuildPhase section */

/* Begin PBXGroup section */
		8AD94CBA2C9825E2001910D7 = {
			isa = PBXGroup;
			children = (
				8AD94CC52C9825E2001910D7 /* Notes(pet) */,
				8AD94CC42C9825E2001910D7 /* Products */,
			);
			sourceTree = "<group>";
		};
		8AD94CC42C9825E2001910D7 /* Products */ = {
			isa = PBXGroup;
			children = (
				8AD94CC32C9825E2001910D7 /* Notes(pet).app */,
			);
			name = Products;
			sourceTree = "<group>";
		};
		8AD94CC52C9825E2001910D7 /* Notes(pet) */ = {
			isa = PBXGroup;
			children = (
				8AD94CE62C9B0922001910D7 /* Application */,
				8AD94CE82C9B0963001910D7 /* Resources */,
				8AD94D1E2CA03410001910D7 /* Model */,
				8AD94CEB2C9B336A001910D7 /* Views */,
				8AD94CE52C9B08EF001910D7 /* ViewControllers */,
				8AD94CE32C9B08C8001910D7 /* ViewModel */,
				8AD94CD42C9825E5001910D7 /* Info.plist */,
			);
			path = "Notes(pet)";
			sourceTree = "<group>";
		};
		8AD94CE32C9B08C8001910D7 /* ViewModel */ = {
			isa = PBXGroup;
			children = (
				8AD94CE92C9B2C29001910D7 /* NotesViewModel.swift */,
			);
			path = ViewModel;
			sourceTree = "<group>";
		};
		8AD94CE52C9B08EF001910D7 /* ViewControllers */ = {
			isa = PBXGroup;
			children = (
				8AD94CCA2C9825E2001910D7 /* NotesViewController.swift */,
				8AD94CFB2C9F0829001910D7 /* AddNoteViewController.swift */,
				8AD94CFF2C9FF917001910D7 /* NoteDetailViewController.swift */,
			);
			path = ViewControllers;
			sourceTree = "<group>";
		};
		8AD94CE62C9B0922001910D7 /* Application */ = {
			isa = PBXGroup;
			children = (
				8AD94CC62C9825E2001910D7 /* AppDelegate.swift */,
				8AD94CD12C9825E5001910D7 /* LaunchScreen.storyboard */,
			);
			path = Application;
			sourceTree = "<group>";
		};
		8AD94CE82C9B0963001910D7 /* Resources */ = {
			isa = PBXGroup;
			children = (
				8AD94CEE2C9BEF56001910D7 /* Extensions */,
				8AD94CCF2C9825E5001910D7 /* Assets.xcassets */,
				8AD94CF12C9BF217001910D7 /* ColorResources.swift */,
				8A08738F2CAC193200DC5BD2 /* StringResources.swift */,
				8A0873872CAC116B00DC5BD2 /* Localizable.strings */,
			);
			path = Resources;
			sourceTree = "<group>";
		};
		8AD94CEB2C9B336A001910D7 /* Views */ = {
			isa = PBXGroup;
			children = (
				8AD94CEC2C9B337A001910D7 /* AddNoteButton.swift */,
				8AD94CF52C9D6D8E001910D7 /* BottomSideButton.swift */,
				8AD94CF92C9E03A3001910D7 /* NoteCell.swift */,
			);
			path = Views;
			sourceTree = "<group>";
		};
		8AD94CEE2C9BEF56001910D7 /* Extensions */ = {
			isa = PBXGroup;
			children = (
				8AD94CEF2C9BEF63001910D7 /* UIButton.swift */,
				8AD94CF32C9BF266001910D7 /* UIColor.swift */,
				8AD94CF72C9DED5C001910D7 /* UIViewController.swift */,
			);
			path = Extensions;
			sourceTree = "<group>";
		};
		8AD94D1E2CA03410001910D7 /* Model */ = {
			isa = PBXGroup;
			children = (
				8AD94D192CA0292A001910D7 /* Note+CoreDataClass.swift */,
				8AD94D1A2CA0292A001910D7 /* Note+CoreDataProperties.swift */,
				8AD94D162CA028F3001910D7 /* Note.xcdatamodeld */,
			);
			path = Model;
			sourceTree = "<group>";
		};
/* End PBXGroup section */

/* Begin PBXNativeTarget section */
		8AD94CC22C9825E2001910D7 /* Notes(pet) */ = {
			isa = PBXNativeTarget;
			buildConfigurationList = 8AD94CD72C9825E5001910D7 /* Build configuration list for PBXNativeTarget "Notes(pet)" */;
			buildPhases = (
				8AD94CBF2C9825E2001910D7 /* Sources */,
				8AD94CC02C9825E2001910D7 /* Frameworks */,
				8AD94CC12C9825E2001910D7 /* Resources */,
			);
			buildRules = (
			);
			dependencies = (
			);
			name = "Notes(pet)";
			packageProductDependencies = (
				8AD94CDB2C9827EA001910D7 /* SnapKit */,
			);
			productName = "Notes(pet)";
			productReference = 8AD94CC32C9825E2001910D7 /* Notes(pet).app */;
			productType = "com.apple.product-type.application";
		};
/* End PBXNativeTarget section */

/* Begin PBXProject section */
		8AD94CBB2C9825E2001910D7 /* Project object */ = {
			isa = PBXProject;
			attributes = {
				BuildIndependentTargetsInParallel = 1;
				LastSwiftUpdateCheck = 1540;
				LastUpgradeCheck = 1540;
				TargetAttributes = {
					8AD94CC22C9825E2001910D7 = {
						CreatedOnToolsVersion = 15.4;
					};
				};
			};
			buildConfigurationList = 8AD94CBE2C9825E2001910D7 /* Build configuration list for PBXProject "Notes(pet)" */;
			compatibilityVersion = "Xcode 14.0";
			developmentRegion = en;
			hasScannedForEncodings = 0;
			knownRegions = (
				en,
				Base,
				ru,
			);
			mainGroup = 8AD94CBA2C9825E2001910D7;
			packageReferences = (
				8AD94CDA2C9827EA001910D7 /* XCRemoteSwiftPackageReference "SnapKit" */,
			);
			productRefGroup = 8AD94CC42C9825E2001910D7 /* Products */;
			projectDirPath = "";
			projectRoot = "";
			targets = (
				8AD94CC22C9825E2001910D7 /* Notes(pet) */,
			);
		};
/* End PBXProject section */

/* Begin PBXResourcesBuildPhase section */
		8AD94CC12C9825E2001910D7 /* Resources */ = {
			isa = PBXResourcesBuildPhase;
			buildActionMask = 2147483647;
			files = (
				8AD94CD02C9825E5001910D7 /* Assets.xcassets in Resources */,
				8A0873892CAC116B00DC5BD2 /* Localizable.strings in Resources */,
				8AD94CD32C9825E5001910D7 /* Base in Resources */,
			);
			runOnlyForDeploymentPostprocessing = 0;
		};
/* End PBXResourcesBuildPhase section */

/* Begin PBXSourcesBuildPhase section */
		8AD94CBF2C9825E2001910D7 /* Sources */ = {
			isa = PBXSourcesBuildPhase;
			buildActionMask = 2147483647;
			files = (
				8AD94CFC2C9F0829001910D7 /* AddNoteViewController.swift in Sources */,
				8AD94CF02C9BEF63001910D7 /* UIButton.swift in Sources */,
				8A0873902CAC193200DC5BD2 /* StringResources.swift in Sources */,
				8AD94D002C9FF917001910D7 /* NoteDetailViewController.swift in Sources */,
				8AD94CFA2C9E03A3001910D7 /* NoteCell.swift in Sources */,
				8AD94CCB2C9825E2001910D7 /* NotesViewController.swift in Sources */,
				8AD94CF82C9DED5C001910D7 /* UIViewController.swift in Sources */,
				8AD94CC72C9825E2001910D7 /* AppDelegate.swift in Sources */,
				8AD94CEA2C9B2C29001910D7 /* NotesViewModel.swift in Sources */,
				8AD94CF22C9BF217001910D7 /* ColorResources.swift in Sources */,
				8AD94CED2C9B337A001910D7 /* AddNoteButton.swift in Sources */,
				8AD94D1B2CA0292A001910D7 /* Note+CoreDataClass.swift in Sources */,
				8AD94D1C2CA0292A001910D7 /* Note+CoreDataProperties.swift in Sources */,
				8AD94D182CA028F3001910D7 /* Note.xcdatamodeld in Sources */,
				8AD94CF62C9D6D8E001910D7 /* BottomSideButton.swift in Sources */,
				8AD94CF42C9BF266001910D7 /* UIColor.swift in Sources */,
			);
			runOnlyForDeploymentPostprocessing = 0;
		};
/* End PBXSourcesBuildPhase section */

/* Begin PBXVariantGroup section */
		8A0873872CAC116B00DC5BD2 /* Localizable.strings */ = {
			isa = PBXVariantGroup;
			children = (
				8A0873882CAC116B00DC5BD2 /* en */,
				8A08738B2CAC122C00DC5BD2 /* ru */,
			);
			name = Localizable.strings;
			sourceTree = "<group>";
		};
		8AD94CD12C9825E5001910D7 /* LaunchScreen.storyboard */ = {
			isa = PBXVariantGroup;
			children = (
				8AD94CD22C9825E5001910D7 /* Base */,
				8A08738A2CAC122C00DC5BD2 /* ru */,
			);
			name = LaunchScreen.storyboard;
			sourceTree = "<group>";
		};
/* End PBXVariantGroup section */

/* Begin XCBuildConfiguration section */
		8AD94CD52C9825E5001910D7 /* Debug */ = {
			isa = XCBuildConfiguration;
			buildSettings = {
				ALWAYS_SEARCH_USER_PATHS = NO;
				ASSETCATALOG_COMPILER_GENERATE_SWIFT_ASSET_SYMBOL_EXTENSIONS = YES;
				CLANG_ANALYZER_LOCALIZABILITY_NONLOCALIZED = YES;
				CLANG_ANALYZER_NONNULL = YES;
				CLANG_ANALYZER_NUMBER_OBJECT_CONVERSION = YES_AGGRESSIVE;
				CLANG_CXX_LANGUAGE_STANDARD = "gnu++20";
				CLANG_ENABLE_MODULES = YES;
				CLANG_ENABLE_OBJC_ARC = YES;
				CLANG_ENABLE_OBJC_WEAK = YES;
				CLANG_WARN_BLOCK_CAPTURE_AUTORELEASING = YES;
				CLANG_WARN_BOOL_CONVERSION = YES;
				CLANG_WARN_COMMA = YES;
				CLANG_WARN_CONSTANT_CONVERSION = YES;
				CLANG_WARN_DEPRECATED_OBJC_IMPLEMENTATIONS = YES;
				CLANG_WARN_DIRECT_OBJC_ISA_USAGE = YES_ERROR;
				CLANG_WARN_DOCUMENTATION_COMMENTS = YES;
				CLANG_WARN_EMPTY_BODY = YES;
				CLANG_WARN_ENUM_CONVERSION = YES;
				CLANG_WARN_INFINITE_RECURSION = YES;
				CLANG_WARN_INT_CONVERSION = YES;
				CLANG_WARN_NON_LITERAL_NULL_CONVERSION = YES;
				CLANG_WARN_OBJC_IMPLICIT_RETAIN_SELF = YES;
				CLANG_WARN_OBJC_LITERAL_CONVERSION = YES;
				CLANG_WARN_OBJC_ROOT_CLASS = YES_ERROR;
				CLANG_WARN_QUOTED_INCLUDE_IN_FRAMEWORK_HEADER = YES;
				CLANG_WARN_RANGE_LOOP_ANALYSIS = YES;
				CLANG_WARN_STRICT_PROTOTYPES = YES;
				CLANG_WARN_SUSPICIOUS_MOVE = YES;
				CLANG_WARN_UNGUARDED_AVAILABILITY = YES_AGGRESSIVE;
				CLANG_WARN_UNREACHABLE_CODE = YES;
				CLANG_WARN__DUPLICATE_METHOD_MATCH = YES;
				COPY_PHASE_STRIP = NO;
				DEBUG_INFORMATION_FORMAT = dwarf;
				ENABLE_STRICT_OBJC_MSGSEND = YES;
				ENABLE_TESTABILITY = YES;
				ENABLE_USER_SCRIPT_SANDBOXING = YES;
				GCC_C_LANGUAGE_STANDARD = gnu17;
				GCC_DYNAMIC_NO_PIC = NO;
				GCC_NO_COMMON_BLOCKS = YES;
				GCC_OPTIMIZATION_LEVEL = 0;
				GCC_PREPROCESSOR_DEFINITIONS = (
					"DEBUG=1",
					"$(inherited)",
				);
				GCC_WARN_64_TO_32_BIT_CONVERSION = YES;
				GCC_WARN_ABOUT_RETURN_TYPE = YES_ERROR;
				GCC_WARN_UNDECLARED_SELECTOR = YES;
				GCC_WARN_UNINITIALIZED_AUTOS = YES_AGGRESSIVE;
				GCC_WARN_UNUSED_FUNCTION = YES;
				GCC_WARN_UNUSED_VARIABLE = YES;
				IPHONEOS_DEPLOYMENT_TARGET = 17.5;
				LOCALIZATION_PREFERS_STRING_CATALOGS = YES;
				MTL_ENABLE_DEBUG_INFO = INCLUDE_SOURCE;
				MTL_FAST_MATH = YES;
				ONLY_ACTIVE_ARCH = YES;
				SDKROOT = iphoneos;
				SWIFT_ACTIVE_COMPILATION_CONDITIONS = "DEBUG $(inherited)";
				SWIFT_OPTIMIZATION_LEVEL = "-Onone";
			};
			name = Debug;
		};
		8AD94CD62C9825E5001910D7 /* Release */ = {
			isa = XCBuildConfiguration;
			buildSettings = {
				ALWAYS_SEARCH_USER_PATHS = NO;
				ASSETCATALOG_COMPILER_GENERATE_SWIFT_ASSET_SYMBOL_EXTENSIONS = YES;
				CLANG_ANALYZER_LOCALIZABILITY_NONLOCALIZED = YES;
				CLANG_ANALYZER_NONNULL = YES;
				CLANG_ANALYZER_NUMBER_OBJECT_CONVERSION = YES_AGGRESSIVE;
				CLANG_CXX_LANGUAGE_STANDARD = "gnu++20";
				CLANG_ENABLE_MODULES = YES;
				CLANG_ENABLE_OBJC_ARC = YES;
				CLANG_ENABLE_OBJC_WEAK = YES;
				CLANG_WARN_BLOCK_CAPTURE_AUTORELEASING = YES;
				CLANG_WARN_BOOL_CONVERSION = YES;
				CLANG_WARN_COMMA = YES;
				CLANG_WARN_CONSTANT_CONVERSION = YES;
				CLANG_WARN_DEPRECATED_OBJC_IMPLEMENTATIONS = YES;
				CLANG_WARN_DIRECT_OBJC_ISA_USAGE = YES_ERROR;
				CLANG_WARN_DOCUMENTATION_COMMENTS = YES;
				CLANG_WARN_EMPTY_BODY = YES;
				CLANG_WARN_ENUM_CONVERSION = YES;
				CLANG_WARN_INFINITE_RECURSION = YES;
				CLANG_WARN_INT_CONVERSION = YES;
				CLANG_WARN_NON_LITERAL_NULL_CONVERSION = YES;
				CLANG_WARN_OBJC_IMPLICIT_RETAIN_SELF = YES;
				CLANG_WARN_OBJC_LITERAL_CONVERSION = YES;
				CLANG_WARN_OBJC_ROOT_CLASS = YES_ERROR;
				CLANG_WARN_QUOTED_INCLUDE_IN_FRAMEWORK_HEADER = YES;
				CLANG_WARN_RANGE_LOOP_ANALYSIS = YES;
				CLANG_WARN_STRICT_PROTOTYPES = YES;
				CLANG_WARN_SUSPICIOUS_MOVE = YES;
				CLANG_WARN_UNGUARDED_AVAILABILITY = YES_AGGRESSIVE;
				CLANG_WARN_UNREACHABLE_CODE = YES;
				CLANG_WARN__DUPLICATE_METHOD_MATCH = YES;
				COPY_PHASE_STRIP = NO;
				DEBUG_INFORMATION_FORMAT = "dwarf-with-dsym";
				ENABLE_NS_ASSERTIONS = NO;
				ENABLE_STRICT_OBJC_MSGSEND = YES;
				ENABLE_USER_SCRIPT_SANDBOXING = YES;
				GCC_C_LANGUAGE_STANDARD = gnu17;
				GCC_NO_COMMON_BLOCKS = YES;
				GCC_WARN_64_TO_32_BIT_CONVERSION = YES;
				GCC_WARN_ABOUT_RETURN_TYPE = YES_ERROR;
				GCC_WARN_UNDECLARED_SELECTOR = YES;
				GCC_WARN_UNINITIALIZED_AUTOS = YES_AGGRESSIVE;
				GCC_WARN_UNUSED_FUNCTION = YES;
				GCC_WARN_UNUSED_VARIABLE = YES;
				IPHONEOS_DEPLOYMENT_TARGET = 17.5;
				LOCALIZATION_PREFERS_STRING_CATALOGS = YES;
				MTL_ENABLE_DEBUG_INFO = NO;
				MTL_FAST_MATH = YES;
				SDKROOT = iphoneos;
				SWIFT_COMPILATION_MODE = wholemodule;
				VALIDATE_PRODUCT = YES;
			};
			name = Release;
		};
		8AD94CD82C9825E5001910D7 /* Debug */ = {
			isa = XCBuildConfiguration;
			buildSettings = {
				ASSETCATALOG_COMPILER_APPICON_NAME = AppIcon;
				ASSETCATALOG_COMPILER_GLOBAL_ACCENT_COLOR_NAME = AccentColor;
				CODE_SIGN_STYLE = Automatic;
				CURRENT_PROJECT_VERSION = 1;
				DEVELOPMENT_TEAM = GX444RV9BG;
				GENERATE_INFOPLIST_FILE = YES;
				INFOPLIST_FILE = "Notes(pet)/Info.plist";
				INFOPLIST_KEY_UIApplicationSupportsIndirectInputEvents = YES;
				INFOPLIST_KEY_UILaunchStoryboardName = LaunchScreen;
				INFOPLIST_KEY_UISupportedInterfaceOrientations = UIInterfaceOrientationPortrait;
				INFOPLIST_KEY_UISupportedInterfaceOrientations_iPad = "UIInterfaceOrientationLandscapeLeft UIInterfaceOrientationLandscapeRight UIInterfaceOrientationPortrait UIInterfaceOrientationPortraitUpsideDown";
				LD_RUNPATH_SEARCH_PATHS = (
					"$(inherited)",
					"@executable_path/Frameworks",
				);
				MARKETING_VERSION = 1.0;
				PRODUCT_BUNDLE_IDENTIFIER = "test.Notes-pet-";
				PRODUCT_NAME = "$(TARGET_NAME)";
				SUPPORTED_PLATFORMS = "iphoneos iphonesimulator";
				SUPPORTS_MACCATALYST = NO;
				SUPPORTS_MAC_DESIGNED_FOR_IPHONE_IPAD = NO;
				SUPPORTS_XR_DESIGNED_FOR_IPHONE_IPAD = NO;
				SWIFT_EMIT_LOC_STRINGS = YES;
				SWIFT_VERSION = 5.0;
				TARGETED_DEVICE_FAMILY = 1;
			};
			name = Debug;
		};
		8AD94CD92C9825E5001910D7 /* Release */ = {
			isa = XCBuildConfiguration;
			buildSettings = {
				ASSETCATALOG_COMPILER_APPICON_NAME = AppIcon;
				ASSETCATALOG_COMPILER_GLOBAL_ACCENT_COLOR_NAME = AccentColor;
				CODE_SIGN_STYLE = Automatic;
				CURRENT_PROJECT_VERSION = 1;
				DEVELOPMENT_TEAM = GX444RV9BG;
				GENERATE_INFOPLIST_FILE = YES;
				INFOPLIST_FILE = "Notes(pet)/Info.plist";
				INFOPLIST_KEY_UIApplicationSupportsIndirectInputEvents = YES;
				INFOPLIST_KEY_UILaunchStoryboardName = LaunchScreen;
				INFOPLIST_KEY_UISupportedInterfaceOrientations = UIInterfaceOrientationPortrait;
				INFOPLIST_KEY_UISupportedInterfaceOrientations_iPad = "UIInterfaceOrientationLandscapeLeft UIInterfaceOrientationLandscapeRight UIInterfaceOrientationPortrait UIInterfaceOrientationPortraitUpsideDown";
				LD_RUNPATH_SEARCH_PATHS = (
					"$(inherited)",
					"@executable_path/Frameworks",
				);
				MARKETING_VERSION = 1.0;
				PRODUCT_BUNDLE_IDENTIFIER = "test.Notes-pet-";
				PRODUCT_NAME = "$(TARGET_NAME)";
				SUPPORTED_PLATFORMS = "iphoneos iphonesimulator";
				SUPPORTS_MACCATALYST = NO;
				SUPPORTS_MAC_DESIGNED_FOR_IPHONE_IPAD = NO;
				SUPPORTS_XR_DESIGNED_FOR_IPHONE_IPAD = NO;
				SWIFT_EMIT_LOC_STRINGS = YES;
				SWIFT_VERSION = 5.0;
				TARGETED_DEVICE_FAMILY = 1;
			};
			name = Release;
		};
/* End XCBuildConfiguration section */

/* Begin XCConfigurationList section */
		8AD94CBE2C9825E2001910D7 /* Build configuration list for PBXProject "Notes(pet)" */ = {
			isa = XCConfigurationList;
			buildConfigurations = (
				8AD94CD52C9825E5001910D7 /* Debug */,
				8AD94CD62C9825E5001910D7 /* Release */,
			);
			defaultConfigurationIsVisible = 0;
			defaultConfigurationName = Release;
		};
		8AD94CD72C9825E5001910D7 /* Build configuration list for PBXNativeTarget "Notes(pet)" */ = {
			isa = XCConfigurationList;
			buildConfigurations = (
				8AD94CD82C9825E5001910D7 /* Debug */,
				8AD94CD92C9825E5001910D7 /* Release */,
			);
			defaultConfigurationIsVisible = 0;
			defaultConfigurationName = Release;
		};
/* End XCConfigurationList section */

/* Begin XCRemoteSwiftPackageReference section */
		8AD94CDA2C9827EA001910D7 /* XCRemoteSwiftPackageReference "SnapKit" */ = {
			isa = XCRemoteSwiftPackageReference;
			repositoryURL = "https://github.com/SnapKit/SnapKit.git";
			requirement = {
				kind = upToNextMajorVersion;
				minimumVersion = 5.7.1;
			};
		};
/* End XCRemoteSwiftPackageReference section */

/* Begin XCSwiftPackageProductDependency section */
		8AD94CDB2C9827EA001910D7 /* SnapKit */ = {
			isa = XCSwiftPackageProductDependency;
			package = 8AD94CDA2C9827EA001910D7 /* XCRemoteSwiftPackageReference "SnapKit" */;
			productName = SnapKit;
		};
/* End XCSwiftPackageProductDependency section */

/* Begin XCVersionGroup section */
		8AD94D162CA028F3001910D7 /* Note.xcdatamodeld */ = {
			isa = XCVersionGroup;
			children = (
				8AD94D172CA028F3001910D7 /* Note.xcdatamodel */,
			);
			currentVersion = 8AD94D172CA028F3001910D7 /* Note.xcdatamodel */;
			path = Note.xcdatamodeld;
			sourceTree = "<group>";
			versionGroupType = wrapper.xcdatamodel;
		};
/* End XCVersionGroup section */
	};
	rootObject = 8AD94CBB2C9825E2001910D7 /* Project object */;
}
